
Microsoft Visual Studio Solution File, Format Version 12.00
# Visual Studio Version 17
VisualStudioVersion = 17.7.34202.233
MinimumVisualStudioVersion = 10.0.40219.1
Project("{F184B08F-C81C-45F6-A57F-5ABD9991F28F}") = "TestProject2", "TestProject2\TestProject2.vbproj", "{41F942E8-63E2-4C0F-80BB-51010022245F}"
EndProject
Global
	GlobalSection(SolutionConfigurationPlatforms) = preSolution
		Debug|Any CPU = Debug|Any CPU
		Release|Any CPU = Release|Any CPU
	EndGlobalSection
	GlobalSection(ProjectConfigurationPlatforms) = postSolution
		{41F942E8-63E2-4C0F-80BB-51010022245F}.Debug|Any CPU.ActiveCfg = Debug|Any CPU
		{41F942E8-63E2-4C0F-80BB-51010022245F}.Debug|Any CPU.Build.0 = Debug|Any CPU
		{41F942E8-63E2-4C0F-80BB-51010022245F}.Release|Any CPU.ActiveCfg = Release|Any CPU
		{41F942E8-63E2-4C0F-80BB-51010022245F}.Release|Any CPU.Build.0 = Release|Any CPU
	EndGlobalSection
	GlobalSection(SolutionProperties) = preSolution
		HideSolutionNode = FALSE
	EndGlobalSection
	GlobalSection(ExtensibilityGlobals) = postSolution
		SolutionGuid = {86E456FC-1136-41FC-8A60-A816E094161A}
	EndGlobalSection
EndGlobal
